
Microsoft Visual Studio Solution File, Format Version 12.00
# Visual Studio Version 17
VisualStudioVersion = 17.11.35303.130
MinimumVisualStudioVersion = 10.0.40219.1
Project("{9A19103F-16F7-4668-BE54-9A1E7A4F7556}") = "test4", "test4\test4.csproj", "{AB6D2B70-A606-4D1B-8109-A2A597F64340}"
EndProject
Project("{FAE04EC0-301F-11D3-BF4B-00C04F79EFBC}") = "test4.tests", "test4.tests\test4.tests.csproj", "{6914F1BE-9381-4E8F-A297-E5DB0CE42F3B}"
EndProject
Global
	GlobalSection(SolutionConfigurationPlatforms) = preSolution
		Debug|Any CPU = Debug|Any CPU
		Release|Any CPU = Release|Any CPU
	EndGlobalSection
	GlobalSection(ProjectConfigurationPlatforms) = postSolution
		{AB6D2B70-A606-4D1B-8109-A2A597F64340}.Debug|Any CPU.ActiveCfg = Debug|Any CPU
		{AB6D2B70-A606-4D1B-8109-A2A597F64340}.Debug|Any CPU.Build.0 = Debug|Any CPU
		{AB6D2B70-A606-4D1B-8109-A2A597F64340}.Release|Any CPU.ActiveCfg = Release|Any CPU
		{AB6D2B70-A606-4D1B-8109-A2A597F64340}.Release|Any CPU.Build.0 = Release|Any CPU
		{6914F1BE-9381-4E8F-A297-E5DB0CE42F3B}.Debug|Any CPU.ActiveCfg = Debug|Any CPU
		{6914F1BE-9381-4E8F-A297-E5DB0CE42F3B}.Debug|Any CPU.Build.0 = Debug|Any CPU
		{6914F1BE-9381-4E8F-A297-E5DB0CE42F3B}.Release|Any CPU.ActiveCfg = Release|Any CPU
		{6914F1BE-9381-4E8F-A297-E5DB0CE42F3B}.Release|Any CPU.Build.0 = Release|Any CPU
	EndGlobalSection
	GlobalSection(SolutionProperties) = preSolution
		HideSolutionNode = FALSE
	EndGlobalSection
	GlobalSection(ExtensibilityGlobals) = postSolution
		SolutionGuid = {4728B609-A91C-447C-8E87-A120861AB27B}
	EndGlobalSection
EndGlobal
